
Microsoft Visual Studio Solution File, Format Version 12.00
# Visual Studio Version 17
VisualStudioVersion = 17.3.32825.248
MinimumVisualStudioVersion = 10.0.40219.1
Project("{9A19103F-16F7-4668-BE54-9A1E7A4F7556}") = "SentimentAnalysis", "SentimentAnalysis\SentimentAnalysis.csproj", "{3857756B-A4EA-474E-AE2B-D1E3B7C57C3C}"
EndProject
Project("{FAE04EC0-301F-11D3-BF4B-00C04F79EFBC}") = "GitHubIssueClassification", "GitHubIssueClassification\GitHubIssueClassification.csproj", "{94FCE275-33EC-4C82-8FD5-5CBEF00D799C}"
EndProject
Global
	GlobalSection(SolutionConfigurationPlatforms) = preSolution
		Debug|Any CPU = Debug|Any CPU
		Release|Any CPU = Release|Any CPU
	EndGlobalSection
	GlobalSection(ProjectConfigurationPlatforms) = postSolution
		{3857756B-A4EA-474E-AE2B-D1E3B7C57C3C}.Debug|Any CPU.ActiveCfg = Debug|Any CPU
		{3857756B-A4EA-474E-AE2B-D1E3B7C57C3C}.Debug|Any CPU.Build.0 = Debug|Any CPU
		{3857756B-A4EA-474E-AE2B-D1E3B7C57C3C}.Release|Any CPU.ActiveCfg = Release|Any CPU
		{3857756B-A4EA-474E-AE2B-D1E3B7C57C3C}.Release|Any CPU.Build.0 = Release|Any CPU
		{94FCE275-33EC-4C82-8FD5-5CBEF00D799C}.Debug|Any CPU.ActiveCfg = Debug|Any CPU
		{94FCE275-33EC-4C82-8FD5-5CBEF00D799C}.Debug|Any CPU.Build.0 = Debug|Any CPU
		{94FCE275-33EC-4C82-8FD5-5CBEF00D799C}.Release|Any CPU.ActiveCfg = Release|Any CPU
		{94FCE275-33EC-4C82-8FD5-5CBEF00D799C}.Release|Any CPU.Build.0 = Release|Any CPU
	EndGlobalSection
	GlobalSection(SolutionProperties) = preSolution
		HideSolutionNode = FALSE
	EndGlobalSection
	GlobalSection(ExtensibilityGlobals) = postSolution
		SolutionGuid = {8D5F904D-687A-4468-9350-C552F9068049}
	EndGlobalSection
EndGlobal
